{"1.2.0",
[{<<"certifi">>,{pkg,<<"certifi">>,<<"2.12.0">>},1},
 {<<"enet">>,
  {git,"https://github.com/flambard/enet",
       {ref,"59a564ef3927dc984926e3eb4723415cbda1b2b6"}},
  0},
 {<<"goldrush">>,{pkg,<<"goldrush">>,<<"0.1.9">>},1},
 {<<"gproc">>,
  {git,"https://github.com/uwiger/gproc.git",
       {ref,"af7a1f5486c92ad34a07ddb3c4a1e9a9707763b6"}},
  1},
 {<<"hackney">>,{pkg,<<"hackney">>,<<"1.20.1">>},0},
 {<<"idna">>,{pkg,<<"idna">>,<<"6.1.1">>},1},
 {<<"iso8601">>,{pkg,<<"iso8601">>,<<"1.3.4">>},0},
 {<<"lager">>,
  {git,"https://github.com/erlang-lager/lager",
       {ref,"20ee7596867705d8ec9f6194bc937cc8250c6e33"}},
  0},
 {<<"metrics">>,{pkg,<<"metrics">>,<<"1.0.1">>},1},
 {<<"mimerl">>,{pkg,<<"mimerl">>,<<"1.3.0">>},1},
 {<<"parse_trans">>,{pkg,<<"parse_trans">>,<<"3.4.1">>},1},
 {<<"ssl_verify_fun">>,{pkg,<<"ssl_verify_fun">>,<<"1.1.7">>},1},
 {<<"unicode_util_compat">>,{pkg,<<"unicode_util_compat">>,<<"0.7.0">>},1},
 {<<"verl">>,{pkg,<<"verl">>,<<"1.1.1">>},0}]}.
[
{pkg_hash,[
 {<<"certifi">>, <<"2D1CCA2EC95F59643862AF91F001478C9863C2AC9CB6E2F89780BFD8DE987329">>},
 {<<"goldrush">>, <<"F06E5D5F1277DA5C413E84D5A2924174182FB108DABB39D5EC548B27424CD106">>},
 {<<"hackney">>, <<"8D97AEC62DDDDD757D128BFD1DF6C5861093419F8F7A4223823537BAD5D064E2">>},
 {<<"idna">>, <<"8A63070E9F7D0C62EB9D9FCB360A7DE382448200FBBD1B106CC96D3D8099DF8D">>},
 {<<"iso8601">>, <<"7B1F095F86F6CF65E1E5A77872E8E8BF69BD58D4C3A415B3F77D9CC9423ECBB9">>},
 {<<"metrics">>, <<"25F094DEA2CDA98213CECC3AEFF09E940299D950904393B2A29D191C346A8486">>},
 {<<"mimerl">>, <<"D0CD9FC04B9061F82490F6581E0128379830E78535E017F7780F37FEA7545726">>},
 {<<"parse_trans">>, <<"6E6AA8167CB44CC8F39441D05193BE6E6F4E7C2946CB2759F015F8C56B76E5FF">>},
 {<<"ssl_verify_fun">>, <<"354C321CF377240C7B8716899E182CE4890C5938111A1296ADD3EC74CF1715DF">>},
 {<<"unicode_util_compat">>, <<"BC84380C9AB48177092F43AC89E4DFA2C6D62B40B8BD132B1059ECC7232F9A78">>},
 {<<"verl">>, <<"98F3EC48B943AA4AE8E29742DE86A7CD752513687911FE07D2E00ECDF3107E45">>}]},
{pkg_hash_ext,[
 {<<"certifi">>, <<"EE68D85DF22E554040CDB4BE100F33873AC6051387BAF6A8F6CE82272340FF1C">>},
 {<<"goldrush">>, <<"99CB4128CFFCB3227581E5D4D803D5413FA643F4EB96523F77D9E6937D994CEB">>},
 {<<"hackney">>, <<"FE9094E5F1A2A2C0A7D10918FEE36BFEC0EC2A979994CFF8CFE8058CD9AF38E3">>},
 {<<"idna">>, <<"92376EB7894412ED19AC475E4A86F7B413C1B9FBB5BD16DCCD57934157944CEA">>},
 {<<"iso8601">>, <<"A334469C07F1C219326BC891A95F5EEC8EB12DD8071A3FFF56A7843CB20FAE34">>},
 {<<"metrics">>, <<"69B09ADDDC4F74A40716AE54D140F93BEB0FB8978D8636EADED0C31B6F099F16">>},
 {<<"mimerl">>, <<"A1E15A50D1887217DE95F0B9B0793E32853F7C258A5CD227650889B38839FE9D">>},
 {<<"parse_trans">>, <<"620A406CE75DADA827B82E453C19CF06776BE266F5A67CFF34E1EF2CBB60E49A">>},
 {<<"ssl_verify_fun">>, <<"FE4C190E8F37401D30167C8C405EDA19469F34577987C76DDE613E838BBC67F8">>},
 {<<"unicode_util_compat">>, <<"25EEE6D67DF61960CF6A794239566599B09E17E668D3700247BC498638152521">>},
 {<<"verl">>, <<"0925E51CD92A0A8BE271765B02430B2E2CFF8AC30EF24D123BD0D58511E8FB18">>}]}
].
